
Microsoft Visual Studio Solution File, Format Version 12.00
# Visual Studio Version 16
VisualStudioVersion = 16.0.32428.217
MinimumVisualStudioVersion = 10.0.40219.1
Project("{FAE04EC0-301F-11D3-BF4B-00C04F79EFBC}") = "PDMSaveRaceCondition", "PDMSaveRaceCondition\PDMSaveRaceCondition.csproj", "{01C830FD-279F-4DA0-849C-65E9654B4E5B}"
EndProject
Global
	GlobalSection(SolutionConfigurationPlatforms) = preSolution
		Debug|Any CPU = Debug|Any CPU
		Release|Any CPU = Release|Any CPU
	EndGlobalSection
	GlobalSection(ProjectConfigurationPlatforms) = postSolution
		{01C830FD-279F-4DA0-849C-65E9654B4E5B}.Debug|Any CPU.ActiveCfg = Debug|Any CPU
		{01C830FD-279F-4DA0-849C-65E9654B4E5B}.Debug|Any CPU.Build.0 = Debug|Any CPU
		{01C830FD-279F-4DA0-849C-65E9654B4E5B}.Release|Any CPU.ActiveCfg = Release|Any CPU
		{01C830FD-279F-4DA0-849C-65E9654B4E5B}.Release|Any CPU.Build.0 = Release|Any CPU
	EndGlobalSection
	GlobalSection(SolutionProperties) = preSolution
		HideSolutionNode = FALSE
	EndGlobalSection
	GlobalSection(ExtensibilityGlobals) = postSolution
		SolutionGuid = {7C740E33-D126-444D-A972-3B0A704F1595}
	EndGlobalSection
EndGlobal
